
Microsoft Visual Studio Solution File, Format Version 12.00
# Visual Studio Version 16
VisualStudioVersion = 16.0.30711.63
MinimumVisualStudioVersion = 10.0.40219.1
Project("{FAE04EC0-301F-11D3-BF4B-00C04F79EFBC}") = "AddressBookSystemLINQ", "AddressBookSystemLINQ\AddressBookSystemLINQ.csproj", "{6A4E704E-3EB2-484E-990D-77A468A7A801}"
EndProject
Global
	GlobalSection(SolutionConfigurationPlatforms) = preSolution
		Debug|Any CPU = Debug|Any CPU
		Release|Any CPU = Release|Any CPU
	EndGlobalSection
	GlobalSection(ProjectConfigurationPlatforms) = postSolution
		{6A4E704E-3EB2-484E-990D-77A468A7A801}.Debug|Any CPU.ActiveCfg = Debug|Any CPU
		{6A4E704E-3EB2-484E-990D-77A468A7A801}.Debug|Any CPU.Build.0 = Debug|Any CPU
		{6A4E704E-3EB2-484E-990D-77A468A7A801}.Release|Any CPU.ActiveCfg = Release|Any CPU
		{6A4E704E-3EB2-484E-990D-77A468A7A801}.Release|Any CPU.Build.0 = Release|Any CPU
	EndGlobalSection
	GlobalSection(SolutionProperties) = preSolution
		HideSolutionNode = FALSE
	EndGlobalSection
	GlobalSection(ExtensibilityGlobals) = postSolution
		SolutionGuid = {2DBC36A9-4663-4C6F-8A4C-2C84E23B9C4B}
	EndGlobalSection
EndGlobal
